PODS:
  - ReactiveCocoa (2.3.1):
    - ReactiveCocoa/UI (= 2.3.1)
  - ReactiveCocoa/Core (2.3.1):
    - ReactiveCocoa/no-arc
  - ReactiveCocoa/no-arc (2.3.1)
  - ReactiveCocoa/UI (2.3.1):
    - ReactiveCocoa/Core
  - ReactiveViewModel (0.2):
    - ReactiveCocoa (~> 2.1)

DEPENDENCIES:
  - ReactiveCocoa
  - ReactiveViewModel

SPEC CHECKSUMS:
  ReactiveCocoa: dca75777b9d18990c8714a3a6f2149f29b4d1462
  ReactiveViewModel: 78387196df2e7535bb2776c41df15dbb17300f8a

COCOAPODS: 0.35.0
