<?xml version="1.0" encoding="UTF-8"?>
<!DOCTYPE plist PUBLIC "-//Apple//DTD PLIST 1.0//EN" "http://www.apple.com/DTDs/PropertyList-1.0.dtd">
<plist version="1.0">
<dict>
	<key>archiveVersion</key>
	<string>1</string>
	<key>classes</key>
	<dict/>
	<key>objectVersion</key>
	<string>46</string>
	<key>objects</key>
	<dict>
		<key>0C5F16A9F4CF029D783C2A72</key>
		<dict>
			<key>fileRef</key>
			<string>2531B30727144450CE608706</string>
			<key>isa</key>
			<string>PBXBuildFile</string>
		</dict>
		<key>0F05D8091A1FE1D700083EC6</key>
		<dict>
			<key>fileEncoding</key>
			<string>4</string>
			<key>isa</key>
			<string>PBXFileReference</string>
			<key>lastKnownFileType</key>
			<string>sourcecode.c.h</string>
			<key>path</key>
			<string>MatchesViewController.h</string>
			<key>sourceTree</key>
			<string>&lt;group&gt;</string>
		</dict>
		<key>0F05D80A1A1FE1D700083EC6</key>
		<dict>
			<key>fileEncoding</key>
			<string>4</string>
			<key>isa</key>
			<string>PBXFileReference</string>
			<key>lastKnownFileType</key>
			<string>sourcecode.c.objc</string>
			<key>path</key>
			<string>MatchesViewController.m</string>
			<key>sourceTree</key>
			<string>&lt;group&gt;</string>
		</dict>
		<key>0F05D80B1A1FE1D700083EC6</key>
		<dict>
			<key>fileRef</key>
			<string>0F05D80A1A1FE1D700083EC6</string>
			<key>isa</key>
			<string>PBXBuildFile</string>
		</dict>
		<key>0F05D80C1A1FECFA00083EC6</key>
		<dict>
			<key>fileEncoding</key>
			<string>4</string>
			<key>isa</key>
			<string>PBXFileReference</string>
			<key>lastKnownFileType</key>
			<string>sourcecode.c.h</string>
			<key>path</key>
			<string>MatchesViewModel.h</string>
			<key>sourceTree</key>
			<string>&lt;group&gt;</string>
		</dict>
		<key>0F05D80D1A1FECFA00083EC6</key>
		<dict>
			<key>fileEncoding</key>
			<string>4</string>
			<key>isa</key>
			<string>PBXFileReference</string>
			<key>lastKnownFileType</key>
			<string>sourcecode.c.objc</string>
			<key>path</key>
			<string>MatchesViewModel.m</string>
			<key>sourceTree</key>
			<string>&lt;group&gt;</string>
		</dict>
		<key>0F05D80E1A1FECFA00083EC6</key>
		<dict>
			<key>fileRef</key>
			<string>0F05D80D1A1FECFA00083EC6</string>
			<key>isa</key>
			<string>PBXBuildFile</string>
		</dict>
		<key>0FA2ADDD1A1FFE90002801D2</key>
		<dict>
			<key>children</key>
			<array>
				<string>0FA2ADDE1A1FFEC7002801D2</string>
				<string>0FA2ADDF1A1FFEC7002801D2</string>
			</array>
			<key>isa</key>
			<string>PBXGroup</string>
			<key>path</key>
			<string>Helpers</string>
			<key>sourceTree</key>
			<string>&lt;group&gt;</string>
		</dict>
		<key>0FA2ADDE1A1FFEC7002801D2</key>
		<dict>
			<key>fileEncoding</key>
			<string>4</string>
			<key>isa</key>
			<string>PBXFileReference</string>
			<key>lastKnownFileType</key>
			<string>sourcecode.c.h</string>
			<key>path</key>
			<string>APIClient.h</string>
			<key>sourceTree</key>
			<string>&lt;group&gt;</string>
		</dict>
		<key>0FA2ADDF1A1FFEC7002801D2</key>
		<dict>
			<key>fileEncoding</key>
			<string>4</string>
			<key>isa</key>
			<string>PBXFileReference</string>
			<key>lastKnownFileType</key>
			<string>sourcecode.c.objc</string>
			<key>path</key>
			<string>APIClient.m</string>
			<key>sourceTree</key>
			<string>&lt;group&gt;</string>
		</dict>
		<key>0FA2ADE01A1FFEC7002801D2</key>
		<dict>
			<key>fileRef</key>
			<string>0FA2ADDF1A1FFEC7002801D2</string>
			<key>isa</key>
			<string>PBXBuildFile</string>
		</dict>
		<key>0FDBE0301A1FD9F5001CA0ED</key>
		<dict>
			<key>children</key>
			<array>
				<string>0FDBE03B1A1FD9F5001CA0ED</string>
				<string>0FDBE0551A1FD9F5001CA0ED</string>
				<string>0FDBE03A1A1FD9F5001CA0ED</string>
				<string>A33FDEBEA48F2A252A987CAE</string>
				<string>91B4C2309C46874506002994</string>
			</array>
			<key>isa</key>
			<string>PBXGroup</string>
			<key>sourceTree</key>
			<string>&lt;group&gt;</string>
		</dict>
		<key>0FDBE0311A1FD9F5001CA0ED</key>
		<dict>
			<key>attributes</key>
			<dict>
				<key>LastUpgradeCheck</key>
				<string>0610</string>
				<key>ORGANIZATIONNAME</key>
				<string>Martin Richter</string>
				<key>TargetAttributes</key>
				<dict>
					<key>0FDBE0381A1FD9F5001CA0ED</key>
					<dict>
						<key>CreatedOnToolsVersion</key>
						<string>6.1</string>
					</dict>
					<key>0FDBE0511A1FD9F5001CA0ED</key>
					<dict>
						<key>CreatedOnToolsVersion</key>
						<string>6.1</string>
						<key>TestTargetID</key>
						<string>0FDBE0381A1FD9F5001CA0ED</string>
					</dict>
				</dict>
			</dict>
			<key>buildConfigurationList</key>
			<string>0FDBE0341A1FD9F5001CA0ED</string>
			<key>compatibilityVersion</key>
			<string>Xcode 3.2</string>
			<key>developmentRegion</key>
			<string>English</string>
			<key>hasScannedForEncodings</key>
			<string>0</string>
			<key>isa</key>
			<string>PBXProject</string>
			<key>knownRegions</key>
			<array>
				<string>en</string>
				<string>Base</string>
			</array>
			<key>mainGroup</key>
			<string>0FDBE0301A1FD9F5001CA0ED</string>
			<key>productRefGroup</key>
			<string>0FDBE03A1A1FD9F5001CA0ED</string>
			<key>projectDirPath</key>
			<string></string>
			<key>projectReferences</key>
			<array/>
			<key>projectRoot</key>
			<string></string>
			<key>targets</key>
			<array>
				<string>0FDBE0381A1FD9F5001CA0ED</string>
				<string>0FDBE0511A1FD9F5001CA0ED</string>
			</array>
		</dict>
		<key>0FDBE0341A1FD9F5001CA0ED</key>
		<dict>
			<key>buildConfigurations</key>
			<array>
				<string>0FDBE05A1A1FD9F5001CA0ED</string>
				<string>0FDBE05B1A1FD9F5001CA0ED</string>
			</array>
			<key>defaultConfigurationIsVisible</key>
			<string>0</string>
			<key>defaultConfigurationName</key>
			<string>Release</string>
			<key>isa</key>
			<string>XCConfigurationList</string>
		</dict>
		<key>0FDBE0351A1FD9F5001CA0ED</key>
		<dict>
			<key>buildActionMask</key>
			<string>2147483647</string>
			<key>files</key>
			<array>
				<string>0FDCB2A11A1FF44D00656AF2</string>
				<string>0FA2ADE01A1FFEC7002801D2</string>
				<string>0FDBE0421A1FD9F5001CA0ED</string>
				<string>0FDBE03F1A1FD9F5001CA0ED</string>
				<string>0FDCB2A41A1FF58400656AF2</string>
				<string>0F05D80E1A1FECFA00083EC6</string>
				<string>0F05D80B1A1FE1D700083EC6</string>
			</array>
			<key>isa</key>
			<string>PBXSourcesBuildPhase</string>
			<key>runOnlyForDeploymentPostprocessing</key>
			<string>0</string>
		</dict>
		<key>0FDBE0361A1FD9F5001CA0ED</key>
		<dict>
			<key>buildActionMask</key>
			<string>2147483647</string>
			<key>files</key>
			<array>
				<string>8E5EFD81D2FAF39B2E41089C</string>
			</array>
			<key>isa</key>
			<string>PBXFrameworksBuildPhase</string>
			<key>runOnlyForDeploymentPostprocessing</key>
			<string>0</string>
		</dict>
		<key>0FDBE0371A1FD9F5001CA0ED</key>
		<dict>
			<key>buildActionMask</key>
			<string>2147483647</string>
			<key>files</key>
			<array>
				<string>0FDBE0481A1FD9F5001CA0ED</string>
				<string>0FDBE04D1A1FD9F5001CA0ED</string>
				<string>0FDBE04A1A1FD9F5001CA0ED</string>
			</array>
			<key>isa</key>
			<string>PBXResourcesBuildPhase</string>
			<key>runOnlyForDeploymentPostprocessing</key>
			<string>0</string>
		</dict>
		<key>0FDBE0381A1FD9F5001CA0ED</key>
		<dict>
			<key>buildConfigurationList</key>
			<string>0FDBE05C1A1FD9F5001CA0ED</string>
			<key>buildPhases</key>
			<array>
				<string>19FB4C02D92E40D829288EB3</string>
				<string>0FDBE0351A1FD9F5001CA0ED</string>
				<string>0FDBE0361A1FD9F5001CA0ED</string>
				<string>0FDBE0371A1FD9F5001CA0ED</string>
				<string>FAECDA5CD005B4B2E3335A58</string>
			</array>
			<key>buildRules</key>
			<array/>
			<key>dependencies</key>
			<array/>
			<key>isa</key>
			<string>PBXNativeTarget</string>
			<key>name</key>
			<string>ObjectiveCalcio</string>
			<key>productName</key>
			<string>ObjectiveCalcio</string>
			<key>productReference</key>
			<string>0FDBE0391A1FD9F5001CA0ED</string>
			<key>productType</key>
			<string>com.apple.product-type.application</string>
		</dict>
		<key>0FDBE0391A1FD9F5001CA0ED</key>
		<dict>
			<key>explicitFileType</key>
			<string>wrapper.application</string>
			<key>includeInIndex</key>
			<string>0</string>
			<key>isa</key>
			<string>PBXFileReference</string>
			<key>path</key>
			<string>ObjectiveCalcio.app</string>
			<key>sourceTree</key>
			<string>BUILT_PRODUCTS_DIR</string>
		</dict>
		<key>0FDBE03A1A1FD9F5001CA0ED</key>
		<dict>
			<key>children</key>
			<array>
				<string>0FDBE0391A1FD9F5001CA0ED</string>
				<string>0FDBE0521A1FD9F5001CA0ED</string>
			</array>
			<key>isa</key>
			<string>PBXGroup</string>
			<key>name</key>
			<string>Products</string>
			<key>sourceTree</key>
			<string>&lt;group&gt;</string>
		</dict>
		<key>0FDBE03B1A1FD9F5001CA0ED</key>
		<dict>
			<key>children</key>
			<array>
				<string>0FDBE0401A1FD9F5001CA0ED</string>
				<string>0FDBE0411A1FD9F5001CA0ED</string>
				<string>0FDBE0461A1FD9F5001CA0ED</string>
				<string>0FDBE0491A1FD9F5001CA0ED</string>
				<string>0FDBE04B1A1FD9F5001CA0ED</string>
				<string>0FDBE0621A1FDA14001CA0ED</string>
				<string>0FDBE0631A1FDA1D001CA0ED</string>
				<string>0FDBE0641A1FDA2D001CA0ED</string>
				<string>0FA2ADDD1A1FFE90002801D2</string>
				<string>0FDBE03C1A1FD9F5001CA0ED</string>
			</array>
			<key>isa</key>
			<string>PBXGroup</string>
			<key>path</key>
			<string>ObjectiveCalcio</string>
			<key>sourceTree</key>
			<string>&lt;group&gt;</string>
		</dict>
		<key>0FDBE03C1A1FD9F5001CA0ED</key>
		<dict>
			<key>children</key>
			<array>
				<string>0FDBE03D1A1FD9F5001CA0ED</string>
				<string>0FDBE03E1A1FD9F5001CA0ED</string>
			</array>
			<key>isa</key>
			<string>PBXGroup</string>
			<key>name</key>
			<string>Supporting Files</string>
			<key>sourceTree</key>
			<string>&lt;group&gt;</string>
		</dict>
		<key>0FDBE03D1A1FD9F5001CA0ED</key>
		<dict>
			<key>isa</key>
			<string>PBXFileReference</string>
			<key>lastKnownFileType</key>
			<string>text.plist.xml</string>
			<key>path</key>
			<string>Info.plist</string>
			<key>sourceTree</key>
			<string>&lt;group&gt;</string>
		</dict>
		<key>0FDBE03E1A1FD9F5001CA0ED</key>
		<dict>
			<key>isa</key>
			<string>PBXFileReference</string>
			<key>lastKnownFileType</key>
			<string>sourcecode.c.objc</string>
			<key>path</key>
			<string>main.m</string>
			<key>sourceTree</key>
			<string>&lt;group&gt;</string>
		</dict>
		<key>0FDBE03F1A1FD9F5001CA0ED</key>
		<dict>
			<key>fileRef</key>
			<string>0FDBE03E1A1FD9F5001CA0ED</string>
			<key>isa</key>
			<string>PBXBuildFile</string>
		</dict>
		<key>0FDBE0401A1FD9F5001CA0ED</key>
		<dict>
			<key>isa</key>
			<string>PBXFileReference</string>
			<key>lastKnownFileType</key>
			<string>sourcecode.c.h</string>
			<key>path</key>
			<string>AppDelegate.h</string>
			<key>sourceTree</key>
			<string>&lt;group&gt;</string>
		</dict>
		<key>0FDBE0411A1FD9F5001CA0ED</key>
		<dict>
			<key>isa</key>
			<string>PBXFileReference</string>
			<key>lastKnownFileType</key>
			<string>sourcecode.c.objc</string>
			<key>path</key>
			<string>AppDelegate.m</string>
			<key>sourceTree</key>
			<string>&lt;group&gt;</string>
		</dict>
		<key>0FDBE0421A1FD9F5001CA0ED</key>
		<dict>
			<key>fileRef</key>
			<string>0FDBE0411A1FD9F5001CA0ED</string>
			<key>isa</key>
			<string>PBXBuildFile</string>
		</dict>
		<key>0FDBE0461A1FD9F5001CA0ED</key>
		<dict>
			<key>children</key>
			<array>
				<string>0FDBE0471A1FD9F5001CA0ED</string>
			</array>
			<key>isa</key>
			<string>PBXVariantGroup</string>
			<key>name</key>
			<string>Main.storyboard</string>
			<key>sourceTree</key>
			<string>&lt;group&gt;</string>
		</dict>
		<key>0FDBE0471A1FD9F5001CA0ED</key>
		<dict>
			<key>isa</key>
			<string>PBXFileReference</string>
			<key>lastKnownFileType</key>
			<string>file.storyboard</string>
			<key>name</key>
			<string>Base</string>
			<key>path</key>
			<string>Base.lproj/Main.storyboard</string>
			<key>sourceTree</key>
			<string>&lt;group&gt;</string>
		</dict>
		<key>0FDBE0481A1FD9F5001CA0ED</key>
		<dict>
			<key>fileRef</key>
			<string>0FDBE0461A1FD9F5001CA0ED</string>
			<key>isa</key>
			<string>PBXBuildFile</string>
		</dict>
		<key>0FDBE0491A1FD9F5001CA0ED</key>
		<dict>
			<key>isa</key>
			<string>PBXFileReference</string>
			<key>lastKnownFileType</key>
			<string>folder.assetcatalog</string>
			<key>path</key>
			<string>Images.xcassets</string>
			<key>sourceTree</key>
			<string>&lt;group&gt;</string>
		</dict>
		<key>0FDBE04A1A1FD9F5001CA0ED</key>
		<dict>
			<key>fileRef</key>
			<string>0FDBE0491A1FD9F5001CA0ED</string>
			<key>isa</key>
			<string>PBXBuildFile</string>
		</dict>
		<key>0FDBE04B1A1FD9F5001CA0ED</key>
		<dict>
			<key>children</key>
			<array>
				<string>0FDBE04C1A1FD9F5001CA0ED</string>
			</array>
			<key>isa</key>
			<string>PBXVariantGroup</string>
			<key>name</key>
			<string>LaunchScreen.xib</string>
			<key>sourceTree</key>
			<string>&lt;group&gt;</string>
		</dict>
		<key>0FDBE04C1A1FD9F5001CA0ED</key>
		<dict>
			<key>isa</key>
			<string>PBXFileReference</string>
			<key>lastKnownFileType</key>
			<string>file.xib</string>
			<key>name</key>
			<string>Base</string>
			<key>path</key>
			<string>Base.lproj/LaunchScreen.xib</string>
			<key>sourceTree</key>
			<string>&lt;group&gt;</string>
		</dict>
		<key>0FDBE04D1A1FD9F5001CA0ED</key>
		<dict>
			<key>fileRef</key>
			<string>0FDBE04B1A1FD9F5001CA0ED</string>
			<key>isa</key>
			<string>PBXBuildFile</string>
		</dict>
		<key>0FDBE04E1A1FD9F5001CA0ED</key>
		<dict>
			<key>buildActionMask</key>
			<string>2147483647</string>
			<key>files</key>
			<array>
				<string>0FDCB2A61A1FFC0900656AF2</string>
			</array>
			<key>isa</key>
			<string>PBXSourcesBuildPhase</string>
			<key>runOnlyForDeploymentPostprocessing</key>
			<string>0</string>
		</dict>
		<key>0FDBE04F1A1FD9F5001CA0ED</key>
		<dict>
			<key>buildActionMask</key>
			<string>2147483647</string>
			<key>files</key>
			<array>
				<string>0C5F16A9F4CF029D783C2A72</string>
			</array>
			<key>isa</key>
			<string>PBXFrameworksBuildPhase</string>
			<key>runOnlyForDeploymentPostprocessing</key>
			<string>0</string>
		</dict>
		<key>0FDBE0501A1FD9F5001CA0ED</key>
		<dict>
			<key>buildActionMask</key>
			<string>2147483647</string>
			<key>files</key>
			<array/>
			<key>isa</key>
			<string>PBXResourcesBuildPhase</string>
			<key>runOnlyForDeploymentPostprocessing</key>
			<string>0</string>
		</dict>
		<key>0FDBE0511A1FD9F5001CA0ED</key>
		<dict>
			<key>buildConfigurationList</key>
			<string>0FDBE05F1A1FD9F5001CA0ED</string>
			<key>buildPhases</key>
			<array>
				<string>5C50D937213ACBEE461E2427</string>
				<string>0FDBE04E1A1FD9F5001CA0ED</string>
				<string>0FDBE04F1A1FD9F5001CA0ED</string>
				<string>0FDBE0501A1FD9F5001CA0ED</string>
				<string>1E30682DA8989D1D736BD8FA</string>
			</array>
			<key>buildRules</key>
			<array/>
			<key>dependencies</key>
			<array>
				<string>0FDBE0541A1FD9F5001CA0ED</string>
			</array>
			<key>isa</key>
			<string>PBXNativeTarget</string>
			<key>name</key>
			<string>ObjectiveCalcioTests</string>
			<key>productName</key>
			<string>ObjectiveCalcioTests</string>
			<key>productReference</key>
			<string>0FDBE0521A1FD9F5001CA0ED</string>
			<key>productType</key>
			<string>com.apple.product-type.bundle.unit-test</string>
		</dict>
		<key>0FDBE0521A1FD9F5001CA0ED</key>
		<dict>
			<key>explicitFileType</key>
			<string>wrapper.cfbundle</string>
			<key>includeInIndex</key>
			<string>0</string>
			<key>isa</key>
			<string>PBXFileReference</string>
			<key>path</key>
			<string>ObjectiveCalcioTests.xctest</string>
			<key>sourceTree</key>
			<string>BUILT_PRODUCTS_DIR</string>
		</dict>
		<key>0FDBE0531A1FD9F5001CA0ED</key>
		<dict>
			<key>containerPortal</key>
			<string>0FDBE0311A1FD9F5001CA0ED</string>
			<key>isa</key>
			<string>PBXContainerItemProxy</string>
			<key>proxyType</key>
			<string>1</string>
			<key>remoteGlobalIDString</key>
			<string>0FDBE0381A1FD9F5001CA0ED</string>
			<key>remoteInfo</key>
			<string>ObjectiveCalcio</string>
		</dict>
		<key>0FDBE0541A1FD9F5001CA0ED</key>
		<dict>
			<key>isa</key>
			<string>PBXTargetDependency</string>
			<key>target</key>
			<string>0FDBE0381A1FD9F5001CA0ED</string>
			<key>targetProxy</key>
			<string>0FDBE0531A1FD9F5001CA0ED</string>
		</dict>
		<key>0FDBE0551A1FD9F5001CA0ED</key>
		<dict>
			<key>children</key>
			<array>
				<string>0FDCB2A51A1FFC0900656AF2</string>
				<string>0FDBE0561A1FD9F5001CA0ED</string>
			</array>
			<key>isa</key>
			<string>PBXGroup</string>
			<key>path</key>
			<string>ObjectiveCalcioTests</string>
			<key>sourceTree</key>
			<string>&lt;group&gt;</string>
		</dict>
		<key>0FDBE0561A1FD9F5001CA0ED</key>
		<dict>
			<key>children</key>
			<array>
				<string>0FDBE0571A1FD9F5001CA0ED</string>
			</array>
			<key>isa</key>
			<string>PBXGroup</string>
			<key>name</key>
			<string>Supporting Files</string>
			<key>sourceTree</key>
			<string>&lt;group&gt;</string>
		</dict>
		<key>0FDBE0571A1FD9F5001CA0ED</key>
		<dict>
			<key>isa</key>
			<string>PBXFileReference</string>
			<key>lastKnownFileType</key>
			<string>text.plist.xml</string>
			<key>path</key>
			<string>Info.plist</string>
			<key>sourceTree</key>
			<string>&lt;group&gt;</string>
		</dict>
		<key>0FDBE05A1A1FD9F5001CA0ED</key>
		<dict>
			<key>buildSettings</key>
			<dict>
				<key>ALWAYS_SEARCH_USER_PATHS</key>
				<string>NO</string>
				<key>CLANG_CXX_LANGUAGE_STANDARD</key>
				<string>gnu++0x</string>
				<key>CLANG_CXX_LIBRARY</key>
				<string>libc++</string>
				<key>CLANG_ENABLE_MODULES</key>
				<string>YES</string>
				<key>CLANG_ENABLE_OBJC_ARC</key>
				<string>YES</string>
				<key>CLANG_WARN_BOOL_CONVERSION</key>
				<string>YES</string>
				<key>CLANG_WARN_CONSTANT_CONVERSION</key>
				<string>YES</string>
				<key>CLANG_WARN_DIRECT_OBJC_ISA_USAGE</key>
				<string>YES_ERROR</string>
				<key>CLANG_WARN_EMPTY_BODY</key>
				<string>YES</string>
				<key>CLANG_WARN_ENUM_CONVERSION</key>
				<string>YES</string>
				<key>CLANG_WARN_INT_CONVERSION</key>
				<string>YES</string>
				<key>CLANG_WARN_OBJC_ROOT_CLASS</key>
				<string>YES_ERROR</string>
				<key>CLANG_WARN_UNREACHABLE_CODE</key>
				<string>YES</string>
				<key>CLANG_WARN__DUPLICATE_METHOD_MATCH</key>
				<string>YES</string>
				<key>CODE_SIGN_IDENTITY[sdk=iphoneos*]</key>
				<string>iPhone Developer</string>
				<key>COPY_PHASE_STRIP</key>
				<string>NO</string>
				<key>ENABLE_STRICT_OBJC_MSGSEND</key>
				<string>YES</string>
				<key>GCC_C_LANGUAGE_STANDARD</key>
				<string>gnu99</string>
				<key>GCC_DYNAMIC_NO_PIC</key>
				<string>NO</string>
				<key>GCC_OPTIMIZATION_LEVEL</key>
				<string>0</string>
				<key>GCC_PREPROCESSOR_DEFINITIONS</key>
				<array>
					<string>DEBUG=1</string>
					<string>$(inherited)</string>
				</array>
				<key>GCC_SYMBOLS_PRIVATE_EXTERN</key>
				<string>NO</string>
				<key>GCC_WARN_64_TO_32_BIT_CONVERSION</key>
				<string>YES</string>
				<key>GCC_WARN_ABOUT_RETURN_TYPE</key>
				<string>YES_ERROR</string>
				<key>GCC_WARN_UNDECLARED_SELECTOR</key>
				<string>YES</string>
				<key>GCC_WARN_UNINITIALIZED_AUTOS</key>
				<string>YES_AGGRESSIVE</string>
				<key>GCC_WARN_UNUSED_FUNCTION</key>
				<string>YES</string>
				<key>GCC_WARN_UNUSED_VARIABLE</key>
				<string>YES</string>
				<key>IPHONEOS_DEPLOYMENT_TARGET</key>
				<string>8.1</string>
				<key>MTL_ENABLE_DEBUG_INFO</key>
				<string>YES</string>
				<key>ONLY_ACTIVE_ARCH</key>
				<string>YES</string>
				<key>SDKROOT</key>
				<string>iphoneos</string>
			</dict>
			<key>isa</key>
			<string>XCBuildConfiguration</string>
			<key>name</key>
			<string>Debug</string>
		</dict>
		<key>0FDBE05B1A1FD9F5001CA0ED</key>
		<dict>
			<key>buildSettings</key>
			<dict>
				<key>ALWAYS_SEARCH_USER_PATHS</key>
				<string>NO</string>
				<key>CLANG_CXX_LANGUAGE_STANDARD</key>
				<string>gnu++0x</string>
				<key>CLANG_CXX_LIBRARY</key>
				<string>libc++</string>
				<key>CLANG_ENABLE_MODULES</key>
				<string>YES</string>
				<key>CLANG_ENABLE_OBJC_ARC</key>
				<string>YES</string>
				<key>CLANG_WARN_BOOL_CONVERSION</key>
				<string>YES</string>
				<key>CLANG_WARN_CONSTANT_CONVERSION</key>
				<string>YES</string>
				<key>CLANG_WARN_DIRECT_OBJC_ISA_USAGE</key>
				<string>YES_ERROR</string>
				<key>CLANG_WARN_EMPTY_BODY</key>
				<string>YES</string>
				<key>CLANG_WARN_ENUM_CONVERSION</key>
				<string>YES</string>
				<key>CLANG_WARN_INT_CONVERSION</key>
				<string>YES</string>
				<key>CLANG_WARN_OBJC_ROOT_CLASS</key>
				<string>YES_ERROR</string>
				<key>CLANG_WARN_UNREACHABLE_CODE</key>
				<string>YES</string>
				<key>CLANG_WARN__DUPLICATE_METHOD_MATCH</key>
				<string>YES</string>
				<key>CODE_SIGN_IDENTITY[sdk=iphoneos*]</key>
				<string>iPhone Developer</string>
				<key>COPY_PHASE_STRIP</key>
				<string>YES</string>
				<key>ENABLE_NS_ASSERTIONS</key>
				<string>NO</string>
				<key>ENABLE_STRICT_OBJC_MSGSEND</key>
				<string>YES</string>
				<key>GCC_C_LANGUAGE_STANDARD</key>
				<string>gnu99</string>
				<key>GCC_WARN_64_TO_32_BIT_CONVERSION</key>
				<string>YES</string>
				<key>GCC_WARN_ABOUT_RETURN_TYPE</key>
				<string>YES_ERROR</string>
				<key>GCC_WARN_UNDECLARED_SELECTOR</key>
				<string>YES</string>
				<key>GCC_WARN_UNINITIALIZED_AUTOS</key>
				<string>YES_AGGRESSIVE</string>
				<key>GCC_WARN_UNUSED_FUNCTION</key>
				<string>YES</string>
				<key>GCC_WARN_UNUSED_VARIABLE</key>
				<string>YES</string>
				<key>IPHONEOS_DEPLOYMENT_TARGET</key>
				<string>8.1</string>
				<key>MTL_ENABLE_DEBUG_INFO</key>
				<string>NO</string>
				<key>SDKROOT</key>
				<string>iphoneos</string>
				<key>VALIDATE_PRODUCT</key>
				<string>YES</string>
			</dict>
			<key>isa</key>
			<string>XCBuildConfiguration</string>
			<key>name</key>
			<string>Release</string>
		</dict>
		<key>0FDBE05C1A1FD9F5001CA0ED</key>
		<dict>
			<key>buildConfigurations</key>
			<array>
				<string>0FDBE05D1A1FD9F5001CA0ED</string>
				<string>0FDBE05E1A1FD9F5001CA0ED</string>
			</array>
			<key>defaultConfigurationIsVisible</key>
			<string>0</string>
			<key>defaultConfigurationName</key>
			<string>Release</string>
			<key>isa</key>
			<string>XCConfigurationList</string>
		</dict>
		<key>0FDBE05D1A1FD9F5001CA0ED</key>
		<dict>
			<key>baseConfigurationReference</key>
			<string>2692499FEB482F27B78A3370</string>
			<key>buildSettings</key>
			<dict>
				<key>ASSETCATALOG_COMPILER_APPICON_NAME</key>
				<string>AppIcon</string>
				<key>INFOPLIST_FILE</key>
				<string>ObjectiveCalcio/Info.plist</string>
				<key>LD_RUNPATH_SEARCH_PATHS</key>
				<string>$(inherited) @executable_path/Frameworks</string>
				<key>PRODUCT_NAME</key>
				<string>$(TARGET_NAME)</string>
			</dict>
			<key>isa</key>
			<string>XCBuildConfiguration</string>
			<key>name</key>
			<string>Debug</string>
		</dict>
		<key>0FDBE05E1A1FD9F5001CA0ED</key>
		<dict>
			<key>baseConfigurationReference</key>
			<string>1C23ACBCB23DE5A03B6EDACA</string>
			<key>buildSettings</key>
			<dict>
				<key>ASSETCATALOG_COMPILER_APPICON_NAME</key>
				<string>AppIcon</string>
				<key>INFOPLIST_FILE</key>
				<string>ObjectiveCalcio/Info.plist</string>
				<key>LD_RUNPATH_SEARCH_PATHS</key>
				<string>$(inherited) @executable_path/Frameworks</string>
				<key>PRODUCT_NAME</key>
				<string>$(TARGET_NAME)</string>
			</dict>
			<key>isa</key>
			<string>XCBuildConfiguration</string>
			<key>name</key>
			<string>Release</string>
		</dict>
		<key>0FDBE05F1A1FD9F5001CA0ED</key>
		<dict>
			<key>buildConfigurations</key>
			<array>
				<string>0FDBE0601A1FD9F5001CA0ED</string>
				<string>0FDBE0611A1FD9F5001CA0ED</string>
			</array>
			<key>defaultConfigurationIsVisible</key>
			<string>0</string>
			<key>defaultConfigurationName</key>
			<string>Release</string>
			<key>isa</key>
			<string>XCConfigurationList</string>
		</dict>
		<key>0FDBE0601A1FD9F5001CA0ED</key>
		<dict>
			<key>baseConfigurationReference</key>
			<string>9C9166045D0F10C98ADEA03A</string>
			<key>buildSettings</key>
			<dict>
				<key>BUNDLE_LOADER</key>
				<string>$(TEST_HOST)</string>
				<key>FRAMEWORK_SEARCH_PATHS</key>
				<array>
					<string>$(SDKROOT)/Developer/Library/Frameworks</string>
					<string>$(inherited)</string>
				</array>
				<key>GCC_PREPROCESSOR_DEFINITIONS</key>
				<array>
					<string>DEBUG=1</string>
					<string>$(inherited)</string>
				</array>
				<key>INFOPLIST_FILE</key>
				<string>ObjectiveCalcioTests/Info.plist</string>
				<key>LD_RUNPATH_SEARCH_PATHS</key>
				<string>$(inherited) @executable_path/Frameworks @loader_path/Frameworks</string>
				<key>PRODUCT_NAME</key>
				<string>$(TARGET_NAME)</string>
				<key>TEST_HOST</key>
				<string>$(BUILT_PRODUCTS_DIR)/ObjectiveCalcio.app/ObjectiveCalcio</string>
			</dict>
			<key>isa</key>
			<string>XCBuildConfiguration</string>
			<key>name</key>
			<string>Debug</string>
		</dict>
		<key>0FDBE0611A1FD9F5001CA0ED</key>
		<dict>
			<key>baseConfigurationReference</key>
			<string>8A64B5753463B35097059DBE</string>
			<key>buildSettings</key>
			<dict>
				<key>BUNDLE_LOADER</key>
				<string>$(TEST_HOST)</string>
				<key>FRAMEWORK_SEARCH_PATHS</key>
				<array>
					<string>$(SDKROOT)/Developer/Library/Frameworks</string>
					<string>$(inherited)</string>
				</array>
				<key>INFOPLIST_FILE</key>
				<string>ObjectiveCalcioTests/Info.plist</string>
				<key>LD_RUNPATH_SEARCH_PATHS</key>
				<string>$(inherited) @executable_path/Frameworks @loader_path/Frameworks</string>
				<key>PRODUCT_NAME</key>
				<string>$(TARGET_NAME)</string>
				<key>TEST_HOST</key>
				<string>$(BUILT_PRODUCTS_DIR)/ObjectiveCalcio.app/ObjectiveCalcio</string>
			</dict>
			<key>isa</key>
			<string>XCBuildConfiguration</string>
			<key>name</key>
			<string>Release</string>
		</dict>
		<key>0FDBE0621A1FDA14001CA0ED</key>
		<dict>
			<key>children</key>
			<array>
				<string>0FDCB2A21A1FF58400656AF2</string>
				<string>0FDCB2A31A1FF58400656AF2</string>
			</array>
			<key>isa</key>
			<string>PBXGroup</string>
			<key>path</key>
			<string>Model</string>
			<key>sourceTree</key>
			<string>&lt;group&gt;</string>
		</dict>
		<key>0FDBE0631A1FDA1D001CA0ED</key>
		<dict>
			<key>children</key>
			<array>
				<string>0FDCB29F1A1FF44D00656AF2</string>
				<string>0FDCB2A01A1FF44D00656AF2</string>
				<string>0F05D8091A1FE1D700083EC6</string>
				<string>0F05D80A1A1FE1D700083EC6</string>
			</array>
			<key>isa</key>
			<string>PBXGroup</string>
			<key>path</key>
			<string>View</string>
			<key>sourceTree</key>
			<string>&lt;group&gt;</string>
		</dict>
		<key>0FDBE0641A1FDA2D001CA0ED</key>
		<dict>
			<key>children</key>
			<array>
				<string>0F05D80C1A1FECFA00083EC6</string>
				<string>0F05D80D1A1FECFA00083EC6</string>
			</array>
			<key>isa</key>
			<string>PBXGroup</string>
			<key>path</key>
			<string>ViewModel</string>
			<key>sourceTree</key>
			<string>&lt;group&gt;</string>
		</dict>
		<key>0FDCB29F1A1FF44D00656AF2</key>
		<dict>
			<key>fileEncoding</key>
			<string>4</string>
			<key>isa</key>
			<string>PBXFileReference</string>
			<key>lastKnownFileType</key>
			<string>sourcecode.c.h</string>
			<key>path</key>
			<string>MatchCell.h</string>
			<key>sourceTree</key>
			<string>&lt;group&gt;</string>
		</dict>
		<key>0FDCB2A01A1FF44D00656AF2</key>
		<dict>
			<key>fileEncoding</key>
			<string>4</string>
			<key>isa</key>
			<string>PBXFileReference</string>
			<key>lastKnownFileType</key>
			<string>sourcecode.c.objc</string>
			<key>path</key>
			<string>MatchCell.m</string>
			<key>sourceTree</key>
			<string>&lt;group&gt;</string>
		</dict>
		<key>0FDCB2A11A1FF44D00656AF2</key>
		<dict>
			<key>fileRef</key>
			<string>0FDCB2A01A1FF44D00656AF2</string>
			<key>isa</key>
			<string>PBXBuildFile</string>
		</dict>
		<key>0FDCB2A21A1FF58400656AF2</key>
		<dict>
			<key>fileEncoding</key>
			<string>4</string>
			<key>isa</key>
			<string>PBXFileReference</string>
			<key>lastKnownFileType</key>
			<string>sourcecode.c.h</string>
			<key>path</key>
			<string>Match.h</string>
			<key>sourceTree</key>
			<string>&lt;group&gt;</string>
		</dict>
		<key>0FDCB2A31A1FF58400656AF2</key>
		<dict>
			<key>fileEncoding</key>
			<string>4</string>
			<key>isa</key>
			<string>PBXFileReference</string>
			<key>lastKnownFileType</key>
			<string>sourcecode.c.objc</string>
			<key>path</key>
			<string>Match.m</string>
			<key>sourceTree</key>
			<string>&lt;group&gt;</string>
		</dict>
		<key>0FDCB2A41A1FF58400656AF2</key>
		<dict>
			<key>fileRef</key>
			<string>0FDCB2A31A1FF58400656AF2</string>
			<key>isa</key>
			<string>PBXBuildFile</string>
		</dict>
		<key>0FDCB2A51A1FFC0900656AF2</key>
		<dict>
			<key>fileEncoding</key>
			<string>4</string>
			<key>isa</key>
			<string>PBXFileReference</string>
			<key>lastKnownFileType</key>
			<string>sourcecode.c.objc</string>
			<key>path</key>
			<string>MatchesViewModelTests.m</string>
			<key>sourceTree</key>
			<string>&lt;group&gt;</string>
		</dict>
		<key>0FDCB2A61A1FFC0900656AF2</key>
		<dict>
			<key>fileRef</key>
			<string>0FDCB2A51A1FFC0900656AF2</string>
			<key>isa</key>
			<string>PBXBuildFile</string>
		</dict>
		<key>19FB4C02D92E40D829288EB3</key>
		<dict>
			<key>buildActionMask</key>
			<string>2147483647</string>
			<key>files</key>
			<array/>
			<key>inputPaths</key>
			<array/>
			<key>isa</key>
			<string>PBXShellScriptBuildPhase</string>
			<key>name</key>
			<string>Check Pods Manifest.lock</string>
			<key>outputPaths</key>
			<array/>
			<key>runOnlyForDeploymentPostprocessing</key>
			<string>0</string>
			<key>shellPath</key>
			<string>/bin/sh</string>
			<key>shellScript</key>
			<string>diff "${PODS_ROOT}/../Podfile.lock" "${PODS_ROOT}/Manifest.lock" &gt; /dev/null
if [[ $? != 0 ]] ; then
    cat &lt;&lt; EOM
error: The sandbox is not in sync with the Podfile.lock. Run 'pod install' or update your CocoaPods installation.
EOM
    exit 1
fi
</string>
			<key>showEnvVarsInLog</key>
			<string>0</string>
		</dict>
		<key>1C23ACBCB23DE5A03B6EDACA</key>
		<dict>
			<key>includeInIndex</key>
			<string>1</string>
			<key>isa</key>
			<string>PBXFileReference</string>
			<key>lastKnownFileType</key>
			<string>text.xcconfig</string>
			<key>name</key>
			<string>Pods-ObjectiveCalcio.release.xcconfig</string>
			<key>path</key>
			<string>Pods/Target Support Files/Pods-ObjectiveCalcio/Pods-ObjectiveCalcio.release.xcconfig</string>
			<key>sourceTree</key>
			<string>&lt;group&gt;</string>
		</dict>
		<key>1E30682DA8989D1D736BD8FA</key>
		<dict>
			<key>buildActionMask</key>
			<string>2147483647</string>
			<key>files</key>
			<array/>
			<key>inputPaths</key>
			<array/>
			<key>isa</key>
			<string>PBXShellScriptBuildPhase</string>
			<key>name</key>
			<string>Copy Pods Resources</string>
			<key>outputPaths</key>
			<array/>
			<key>runOnlyForDeploymentPostprocessing</key>
			<string>0</string>
			<key>shellPath</key>
			<string>/bin/sh</string>
			<key>shellScript</key>
			<string>"${SRCROOT}/Pods/Target Support Files/Pods-ObjectiveCalcioTests/Pods-ObjectiveCalcioTests-resources.sh"
</string>
			<key>showEnvVarsInLog</key>
			<string>0</string>
		</dict>
		<key>2531B30727144450CE608706</key>
		<dict>
			<key>explicitFileType</key>
			<string>archive.ar</string>
			<key>includeInIndex</key>
			<string>0</string>
			<key>isa</key>
			<string>PBXFileReference</string>
			<key>path</key>
			<string>libPods-ObjectiveCalcioTests.a</string>
			<key>sourceTree</key>
			<string>BUILT_PRODUCTS_DIR</string>
		</dict>
		<key>2692499FEB482F27B78A3370</key>
		<dict>
			<key>includeInIndex</key>
			<string>1</string>
			<key>isa</key>
			<string>PBXFileReference</string>
			<key>lastKnownFileType</key>
			<string>text.xcconfig</string>
			<key>name</key>
			<string>Pods-ObjectiveCalcio.debug.xcconfig</string>
			<key>path</key>
			<string>Pods/Target Support Files/Pods-ObjectiveCalcio/Pods-ObjectiveCalcio.debug.xcconfig</string>
			<key>sourceTree</key>
			<string>&lt;group&gt;</string>
		</dict>
		<key>5C50D937213ACBEE461E2427</key>
		<dict>
			<key>buildActionMask</key>
			<string>2147483647</string>
			<key>files</key>
			<array/>
			<key>inputPaths</key>
			<array/>
			<key>isa</key>
			<string>PBXShellScriptBuildPhase</string>
			<key>name</key>
			<string>Check Pods Manifest.lock</string>
			<key>outputPaths</key>
			<array/>
			<key>runOnlyForDeploymentPostprocessing</key>
			<string>0</string>
			<key>shellPath</key>
			<string>/bin/sh</string>
			<key>shellScript</key>
			<string>diff "${PODS_ROOT}/../Podfile.lock" "${PODS_ROOT}/Manifest.lock" &gt; /dev/null
if [[ $? != 0 ]] ; then
    cat &lt;&lt; EOM
error: The sandbox is not in sync with the Podfile.lock. Run 'pod install' or update your CocoaPods installation.
EOM
    exit 1
fi
</string>
			<key>showEnvVarsInLog</key>
			<string>0</string>
		</dict>
		<key>8A64B5753463B35097059DBE</key>
		<dict>
			<key>includeInIndex</key>
			<string>1</string>
			<key>isa</key>
			<string>PBXFileReference</string>
			<key>lastKnownFileType</key>
			<string>text.xcconfig</string>
			<key>name</key>
			<string>Pods-ObjectiveCalcioTests.release.xcconfig</string>
			<key>path</key>
			<string>Pods/Target Support Files/Pods-ObjectiveCalcioTests/Pods-ObjectiveCalcioTests.release.xcconfig</string>
			<key>sourceTree</key>
			<string>&lt;group&gt;</string>
		</dict>
		<key>8E5EFD81D2FAF39B2E41089C</key>
		<dict>
			<key>fileRef</key>
			<string>F160C69ACB51B6DF23B51940</string>
			<key>isa</key>
			<string>PBXBuildFile</string>
		</dict>
		<key>91B4C2309C46874506002994</key>
		<dict>
			<key>children</key>
			<array>
				<string>F160C69ACB51B6DF23B51940</string>
				<string>2531B30727144450CE608706</string>
			</array>
			<key>isa</key>
			<string>PBXGroup</string>
			<key>name</key>
			<string>Frameworks</string>
			<key>sourceTree</key>
			<string>&lt;group&gt;</string>
		</dict>
		<key>9C9166045D0F10C98ADEA03A</key>
		<dict>
			<key>includeInIndex</key>
			<string>1</string>
			<key>isa</key>
			<string>PBXFileReference</string>
			<key>lastKnownFileType</key>
			<string>text.xcconfig</string>
			<key>name</key>
			<string>Pods-ObjectiveCalcioTests.debug.xcconfig</string>
			<key>path</key>
			<string>Pods/Target Support Files/Pods-ObjectiveCalcioTests/Pods-ObjectiveCalcioTests.debug.xcconfig</string>
			<key>sourceTree</key>
			<string>&lt;group&gt;</string>
		</dict>
		<key>A33FDEBEA48F2A252A987CAE</key>
		<dict>
			<key>children</key>
			<array>
				<string>2692499FEB482F27B78A3370</string>
				<string>1C23ACBCB23DE5A03B6EDACA</string>
				<string>9C9166045D0F10C98ADEA03A</string>
				<string>8A64B5753463B35097059DBE</string>
			</array>
			<key>isa</key>
			<string>PBXGroup</string>
			<key>name</key>
			<string>Pods</string>
			<key>sourceTree</key>
			<string>&lt;group&gt;</string>
		</dict>
		<key>F160C69ACB51B6DF23B51940</key>
		<dict>
			<key>explicitFileType</key>
			<string>archive.ar</string>
			<key>includeInIndex</key>
			<string>0</string>
			<key>isa</key>
			<string>PBXFileReference</string>
			<key>path</key>
			<string>libPods-ObjectiveCalcio.a</string>
			<key>sourceTree</key>
			<string>BUILT_PRODUCTS_DIR</string>
		</dict>
		<key>FAECDA5CD005B4B2E3335A58</key>
		<dict>
			<key>buildActionMask</key>
			<string>2147483647</string>
			<key>files</key>
			<array/>
			<key>inputPaths</key>
			<array/>
			<key>isa</key>
			<string>PBXShellScriptBuildPhase</string>
			<key>name</key>
			<string>Copy Pods Resources</string>
			<key>outputPaths</key>
			<array/>
			<key>runOnlyForDeploymentPostprocessing</key>
			<string>0</string>
			<key>shellPath</key>
			<string>/bin/sh</string>
			<key>shellScript</key>
			<string>"${SRCROOT}/Pods/Target Support Files/Pods-ObjectiveCalcio/Pods-ObjectiveCalcio-resources.sh"
</string>
			<key>showEnvVarsInLog</key>
			<string>0</string>
		</dict>
	</dict>
	<key>rootObject</key>
	<string>0FDBE0311A1FD9F5001CA0ED</string>
</dict>
</plist>
